
Microsoft Visual Studio Solution File, Format Version 12.00
# Visual Studio Version 17
VisualStudioVersion = 17.7.34031.279
MinimumVisualStudioVersion = 10.0.40219.1
Project("{FAE04EC0-301F-11D3-BF4B-00C04F79EFBC}") = "ToDoApi", "ToDoApi\ToDoApi.csproj", "{FA747D48-6335-4DC6-97A0-F2C7538274B3}"
EndProject
Global
	GlobalSection(SolutionConfigurationPlatforms) = preSolution
		Debug|Any CPU = Debug|Any CPU
		Release|Any CPU = Release|Any CPU
	EndGlobalSection
	GlobalSection(ProjectConfigurationPlatforms) = postSolution
		{FA747D48-6335-4DC6-97A0-F2C7538274B3}.Debug|Any CPU.ActiveCfg = Debug|Any CPU
		{FA747D48-6335-4DC6-97A0-F2C7538274B3}.Debug|Any CPU.Build.0 = Debug|Any CPU
		{FA747D48-6335-4DC6-97A0-F2C7538274B3}.Release|Any CPU.ActiveCfg = Release|Any CPU
		{FA747D48-6335-4DC6-97A0-F2C7538274B3}.Release|Any CPU.Build.0 = Release|Any CPU
	EndGlobalSection
	GlobalSection(SolutionProperties) = preSolution
		HideSolutionNode = FALSE
	EndGlobalSection
	GlobalSection(ExtensibilityGlobals) = postSolution
		SolutionGuid = {6BCFD637-87D9-48D3-98BF-4007A3E14AC7}
	EndGlobalSection
EndGlobal
